// !$*UTF8*$!
{
	archiveVersion = 1;
	classes = {
	};
	objectVersion = 51;
	objects = {

/* Begin PBXBuildFile section */
		57212D5725EE1D3A008499C8 /* CollectionViewCell.swift in Sources */ = {isa = PBXBuildFile; fileRef = 57212D5625EE1D3A008499C8 /* CollectionViewCell.swift */; };
		57212D5925EE1D45008499C8 /* CollectionViewCell2.swift in Sources */ = {isa = PBXBuildFile; fileRef = 57212D5825EE1D45008499C8 /* CollectionViewCell2.swift */; };
		573612BE25F0FEE8009CBE19 /* UIImageView.swift in Sources */ = {isa = PBXBuildFile; fileRef = 573612BD25F0FEE8009CBE19 /* UIImageView.swift */; };
		577EBD8325EE6280001CD846 /* TabBarController.swift in Sources */ = {isa = PBXBuildFile; fileRef = 577EBD8225EE6280001CD846 /* TabBarController.swift */; };
		57BC6AC425ECD10A00B54665 /* AppDelegate.swift in Sources */ = {isa = PBXBuildFile; fileRef = 57BC6AC325ECD10A00B54665 /* AppDelegate.swift */; };
		57BC6AC825ECD10A00B54665 /* ViewController.swift in Sources */ = {isa = PBXBuildFile; fileRef = 57BC6AC725ECD10A00B54665 /* ViewController.swift */; };
		57BC6ACB25ECD10A00B54665 /* Main.storyboard in Resources */ = {isa = PBXBuildFile; fileRef = 57BC6AC925ECD10A00B54665 /* Main.storyboard */; };
		57BC6ACD25ECD10C00B54665 /* Assets.xcassets in Resources */ = {isa = PBXBuildFile; fileRef = 57BC6ACC25ECD10C00B54665 /* Assets.xcassets */; };
		57BC6AD025ECD10C00B54665 /* LaunchScreen.storyboard in Resources */ = {isa = PBXBuildFile; fileRef = 57BC6ACE25ECD10C00B54665 /* LaunchScreen.storyboard */; };
		57BC6B0225EDF14600B54665 /* HomeView.swift in Sources */ = {isa = PBXBuildFile; fileRef = 57BC6B0125EDF14600B54665 /* HomeView.swift */; };
		57EBDF3A25EF9C5700AD09C3 /* BagCatalog.swift in Sources */ = {isa = PBXBuildFile; fileRef = 57EBDF3925EF9C5700AD09C3 /* BagCatalog.swift */; };
		7299E9C74F234441E8BFB71F /* Pods_Bagzz.framework in Frameworks */ = {isa = PBXBuildFile; fileRef = 4D2965B3C646BEC931FDA9F0 /* Pods_Bagzz.framework */; };
/* End PBXBuildFile section */

/* Begin PBXFileReference section */
		4D2965B3C646BEC931FDA9F0 /* Pods_Bagzz.framework */ = {isa = PBXFileReference; explicitFileType = wrapper.framework; includeInIndex = 0; path = Pods_Bagzz.framework; sourceTree = BUILT_PRODUCTS_DIR; };
		57212D5625EE1D3A008499C8 /* CollectionViewCell.swift */ = {isa = PBXFileReference; lastKnownFileType = sourcecode.swift; path = CollectionViewCell.swift; sourceTree = "<group>"; };
		57212D5825EE1D45008499C8 /* CollectionViewCell2.swift */ = {isa = PBXFileReference; lastKnownFileType = sourcecode.swift; path = CollectionViewCell2.swift; sourceTree = "<group>"; };
		573612BD25F0FEE8009CBE19 /* UIImageView.swift */ = {isa = PBXFileReference; lastKnownFileType = sourcecode.swift; path = UIImageView.swift; sourceTree = "<group>"; };
		577EBD8225EE6280001CD846 /* TabBarController.swift */ = {isa = PBXFileReference; lastKnownFileType = sourcecode.swift; path = TabBarController.swift; sourceTree = "<group>"; };
		57BC6AC025ECD10A00B54665 /* Bagzz.app */ = {isa = PBXFileReference; explicitFileType = wrapper.application; includeInIndex = 0; path = Bagzz.app; sourceTree = BUILT_PRODUCTS_DIR; };
		57BC6AC325ECD10A00B54665 /* AppDelegate.swift */ = {isa = PBXFileReference; lastKnownFileType = sourcecode.swift; path = AppDelegate.swift; sourceTree = "<group>"; };
		57BC6AC725ECD10A00B54665 /* ViewController.swift */ = {isa = PBXFileReference; lastKnownFileType = sourcecode.swift; path = ViewController.swift; sourceTree = "<group>"; };
		57BC6ACA25ECD10A00B54665 /* Base */ = {isa = PBXFileReference; lastKnownFileType = file.storyboard; name = Base; path = Base.lproj/Main.storyboard; sourceTree = "<group>"; };
		57BC6ACC25ECD10C00B54665 /* Assets.xcassets */ = {isa = PBXFileReference; lastKnownFileType = folder.assetcatalog; path = Assets.xcassets; sourceTree = "<group>"; };
		57BC6ACF25ECD10C00B54665 /* Base */ = {isa = PBXFileReference; lastKnownFileType = file.storyboard; name = Base; path = Base.lproj/LaunchScreen.storyboard; sourceTree = "<group>"; };
		57BC6AD125ECD10C00B54665 /* Info.plist */ = {isa = PBXFileReference; lastKnownFileType = text.plist.xml; path = Info.plist; sourceTree = "<group>"; };
		57BC6B0125EDF14600B54665 /* HomeView.swift */ = {isa = PBXFileReference; lastKnownFileType = sourcecode.swift; path = HomeView.swift; sourceTree = "<group>"; };
		57EBDF3925EF9C5700AD09C3 /* BagCatalog.swift */ = {isa = PBXFileReference; lastKnownFileType = sourcecode.swift; path = BagCatalog.swift; sourceTree = "<group>"; };
		6EAA907A79EF958872BC8D1B /* Pods-Bagzz.release.xcconfig */ = {isa = PBXFileReference; includeInIndex = 1; lastKnownFileType = text.xcconfig; name = "Pods-Bagzz.release.xcconfig"; path = "Target Support Files/Pods-Bagzz/Pods-Bagzz.release.xcconfig"; sourceTree = "<group>"; };
		AA46FAAA342191007481A2D8 /* Pods-Bagzz.debug.xcconfig */ = {isa = PBXFileReference; includeInIndex = 1; lastKnownFileType = text.xcconfig; name = "Pods-Bagzz.debug.xcconfig"; path = "Target Support Files/Pods-Bagzz/Pods-Bagzz.debug.xcconfig"; sourceTree = "<group>"; };
/* End PBXFileReference section */

/* Begin PBXFrameworksBuildPhase section */
		57BC6ABD25ECD10A00B54665 /* Frameworks */ = {
			isa = PBXFrameworksBuildPhase;
			buildActionMask = 2147483647;
			files = (
				7299E9C74F234441E8BFB71F /* Pods_Bagzz.framework in Frameworks */,
			);
			runOnlyForDeploymentPostprocessing = 0;
		};
/* End PBXFrameworksBuildPhase section */

/* Begin PBXGroup section */
		098974657C01A7AB0DABF808 /* Pods */ = {
			isa = PBXGroup;
			children = (
				AA46FAAA342191007481A2D8 /* Pods-Bagzz.debug.xcconfig */,
				6EAA907A79EF958872BC8D1B /* Pods-Bagzz.release.xcconfig */,
			);
			path = Pods;
			sourceTree = "<group>";
		};
		1354EFA0F2427E2336C3EB35 /* Frameworks */ = {
			isa = PBXGroup;
			children = (
				4D2965B3C646BEC931FDA9F0 /* Pods_Bagzz.framework */,
			);
			name = Frameworks;
			sourceTree = "<group>";
		};
		573612BF25F0FF0E009CBE19 /* Expansions */ = {
			isa = PBXGroup;
			children = (
				573612BD25F0FEE8009CBE19 /* UIImageView.swift */,
			);
			path = Expansions;
			sourceTree = "<group>";
		};
		57BC6AB725ECD10A00B54665 = {
			isa = PBXGroup;
			children = (
				57BC6AC225ECD10A00B54665 /* Bagzz */,
				57BC6AC125ECD10A00B54665 /* Products */,
				098974657C01A7AB0DABF808 /* Pods */,
				1354EFA0F2427E2336C3EB35 /* Frameworks */,
			);
			sourceTree = "<group>";
		};
		57BC6AC125ECD10A00B54665 /* Products */ = {
			isa = PBXGroup;
			children = (
				57BC6AC025ECD10A00B54665 /* Bagzz.app */,
			);
			name = Products;
			sourceTree = "<group>";
		};
		57BC6AC225ECD10A00B54665 /* Bagzz */ = {
			isa = PBXGroup;
			children = (
				57BC6AC325ECD10A00B54665 /* AppDelegate.swift */,
				57EBDF3925EF9C5700AD09C3 /* BagCatalog.swift */,
				57BC6AC725ECD10A00B54665 /* ViewController.swift */,
				577EBD8225EE6280001CD846 /* TabBarController.swift */,
				57BC6B0125EDF14600B54665 /* HomeView.swift */,
				57212D5625EE1D3A008499C8 /* CollectionViewCell.swift */,
				57212D5825EE1D45008499C8 /* CollectionViewCell2.swift */,
				573612BF25F0FF0E009CBE19 /* Expansions */,
				57BC6AC925ECD10A00B54665 /* Main.storyboard */,
				57BC6ACC25ECD10C00B54665 /* Assets.xcassets */,
				57BC6ACE25ECD10C00B54665 /* LaunchScreen.storyboard */,
				57BC6AD125ECD10C00B54665 /* Info.plist */,
			);
			path = Bagzz;
			sourceTree = "<group>";
		};
/* End PBXGroup section */

/* Begin PBXNativeTarget section */
		57BC6ABF25ECD10A00B54665 /* Bagzz */ = {
			isa = PBXNativeTarget;
			buildConfigurationList = 57BC6AD425ECD10C00B54665 /* Build configuration list for PBXNativeTarget "Bagzz" */;
			buildPhases = (
				215EB4E876234C23E87BE452 /* [CP] Check Pods Manifest.lock */,
				57BC6ABC25ECD10A00B54665 /* Sources */,
				57BC6ABD25ECD10A00B54665 /* Frameworks */,
				57BC6ABE25ECD10A00B54665 /* Resources */,
				0F6EC23A3AABBEE877C0CAD6 /* [CP] Embed Pods Frameworks */,
			);
			buildRules = (
			);
			dependencies = (
			);
			name = Bagzz;
			productName = Bagzz;
			productReference = 57BC6AC025ECD10A00B54665 /* Bagzz.app */;
			productType = "com.apple.product-type.application";
		};
/* End PBXNativeTarget section */

/* Begin PBXProject section */
		57BC6AB825ECD10A00B54665 /* Project object */ = {
			isa = PBXProject;
			attributes = {
				LastSwiftUpdateCheck = 1160;
				LastUpgradeCheck = 1160;
				ORGANIZATIONNAME = "Taisiya V";
				TargetAttributes = {
					57BC6ABF25ECD10A00B54665 = {
						CreatedOnToolsVersion = 11.6;
					};
				};
			};
			buildConfigurationList = 57BC6ABB25ECD10A00B54665 /* Build configuration list for PBXProject "Bagzz" */;
			compatibilityVersion = "Xcode 9.3";
			developmentRegion = en;
			hasScannedForEncodings = 0;
			knownRegions = (
				en,
				Base,
			);
			mainGroup = 57BC6AB725ECD10A00B54665;
			productRefGroup = 57BC6AC125ECD10A00B54665 /* Products */;
			projectDirPath = "";
			projectRoot = "";
			targets = (
				57BC6ABF25ECD10A00B54665 /* Bagzz */,
			);
		};
/* End PBXProject section */

/* Begin PBXResourcesBuildPhase section */
		57BC6ABE25ECD10A00B54665 /* Resources */ = {
			isa = PBXResourcesBuildPhase;
			buildActionMask = 2147483647;
			files = (
				57BC6AD025ECD10C00B54665 /* LaunchScreen.storyboard in Resources */,
				57BC6ACD25ECD10C00B54665 /* Assets.xcassets in Resources */,
				57BC6ACB25ECD10A00B54665 /* Main.storyboard in Resources */,
			);
			runOnlyForDeploymentPostprocessing = 0;
		};
/* End PBXResourcesBuildPhase section */

/* Begin PBXShellScriptBuildPhase section */
		0F6EC23A3AABBEE877C0CAD6 /* [CP] Embed Pods Frameworks */ = {
			isa = PBXShellScriptBuildPhase;
			buildActionMask = 2147483647;
			files = (
			);
			inputFileListPaths = (
				"${PODS_ROOT}/Target Support Files/Pods-Bagzz/Pods-Bagzz-frameworks-${CONFIGURATION}-input-files.xcfilelist",
			);
			name = "[CP] Embed Pods Frameworks";
			outputFileListPaths = (
				"${PODS_ROOT}/Target Support Files/Pods-Bagzz/Pods-Bagzz-frameworks-${CONFIGURATION}-output-files.xcfilelist",
			);
			runOnlyForDeploymentPostprocessing = 0;
			shellPath = /bin/sh;
			shellScript = "\"${PODS_ROOT}/Target Support Files/Pods-Bagzz/Pods-Bagzz-frameworks.sh\"\n";
			showEnvVarsInLog = 0;
		};
		215EB4E876234C23E87BE452 /* [CP] Check Pods Manifest.lock */ = {
			isa = PBXShellScriptBuildPhase;
			buildActionMask = 2147483647;
			files = (
			);
			inputFileListPaths = (
			);
			inputPaths = (
				"${PODS_PODFILE_DIR_PATH}/Podfile.lock",
				"${PODS_ROOT}/Manifest.lock",
			);
			name = "[CP] Check Pods Manifest.lock";
			outputFileListPaths = (
			);
			outputPaths = (
				"$(DERIVED_FILE_DIR)/Pods-Bagzz-checkManifestLockResult.txt",
			);
			runOnlyForDeploymentPostprocessing = 0;
			shellPath = /bin/sh;
			shellScript = "diff \"${PODS_PODFILE_DIR_PATH}/Podfile.lock\" \"${PODS_ROOT}/Manifest.lock\" > /dev/null\nif [ $? != 0 ] ; then\n    # print error to STDERR\n    echo \"error: The sandbox is not in sync with the Podfile.lock. Run 'pod install' or update your CocoaPods installation.\" >&2\n    exit 1\nfi\n# This output is used by Xcode 'outputs' to avoid re-running this script phase.\necho \"SUCCESS\" > \"${SCRIPT_OUTPUT_FILE_0}\"\n";
			showEnvVarsInLog = 0;
		};
/* End PBXShellScriptBuildPhase section */

/* Begin PBXSourcesBuildPhase section */
		57BC6ABC25ECD10A00B54665 /* Sources */ = {
			isa = PBXSourcesBuildPhase;
			buildActionMask = 2147483647;
			files = (
				573612BE25F0FEE8009CBE19 /* UIImageView.swift in Sources */,
				57212D5725EE1D3A008499C8 /* CollectionViewCell.swift in Sources */,
				57BC6B0225EDF14600B54665 /* HomeView.swift in Sources */,
				57212D5925EE1D45008499C8 /* CollectionViewCell2.swift in Sources */,
				577EBD8325EE6280001CD846 /* TabBarController.swift in Sources */,
				57BC6AC825ECD10A00B54665 /* ViewController.swift in Sources */,
				57EBDF3A25EF9C5700AD09C3 /* BagCatalog.swift in Sources */,
				57BC6AC425ECD10A00B54665 /* AppDelegate.swift in Sources */,
			);
			runOnlyForDeploymentPostprocessing = 0;
		};
/* End PBXSourcesBuildPhase section */

/* Begin PBXVariantGroup section */
		57BC6AC925ECD10A00B54665 /* Main.storyboard */ = {
			isa = PBXVariantGroup;
			children = (
				57BC6ACA25ECD10A00B54665 /* Base */,
			);
			name = Main.storyboard;
			sourceTree = "<group>";
		};
		57BC6ACE25ECD10C00B54665 /* LaunchScreen.storyboard */ = {
			isa = PBXVariantGroup;
			children = (
				57BC6ACF25ECD10C00B54665 /* Base */,
			);
			name = LaunchScreen.storyboard;
			sourceTree = "<group>";
		};
/* End PBXVariantGroup section */

/* Begin XCBuildConfiguration section */
		57BC6AD225ECD10C00B54665 /* Debug */ = {
			isa = XCBuildConfiguration;
			buildSettings = {
				ALWAYS_SEARCH_USER_PATHS = NO;
				CLANG_ANALYZER_NONNULL = YES;
				CLANG_ANALYZER_NUMBER_OBJECT_CONVERSION = YES_AGGRESSIVE;
				CLANG_CXX_LANGUAGE_STANDARD = "gnu++14";
				CLANG_CXX_LIBRARY = "libc++";
				CLANG_ENABLE_MODULES = YES;
				CLANG_ENABLE_OBJC_ARC = YES;
				CLANG_ENABLE_OBJC_WEAK = YES;
				CLANG_WARN_BLOCK_CAPTURE_AUTORELEASING = YES;
				CLANG_WARN_BOOL_CONVERSION = YES;
				CLANG_WARN_COMMA = YES;
				CLANG_WARN_CONSTANT_CONVERSION = YES;
				CLANG_WARN_DEPRECATED_OBJC_IMPLEMENTATIONS = YES;
				CLANG_WARN_DIRECT_OBJC_ISA_USAGE = YES_ERROR;
				CLANG_WARN_DOCUMENTATION_COMMENTS = YES;
				CLANG_WARN_EMPTY_BODY = YES;
				CLANG_WARN_ENUM_CONVERSION = YES;
				CLANG_WARN_INFINITE_RECURSION = YES;
				CLANG_WARN_INT_CONVERSION = YES;
				CLANG_WARN_NON_LITERAL_NULL_CONVERSION = YES;
				CLANG_WARN_OBJC_IMPLICIT_RETAIN_SELF = YES;
				CLANG_WARN_OBJC_LITERAL_CONVERSION = YES;
				CLANG_WARN_OBJC_ROOT_CLASS = YES_ERROR;
				CLANG_WARN_RANGE_LOOP_ANALYSIS = YES;
				CLANG_WARN_STRICT_PROTOTYPES = YES;
				CLANG_WARN_SUSPICIOUS_MOVE = YES;
				CLANG_WARN_UNGUARDED_AVAILABILITY = YES_AGGRESSIVE;
				CLANG_WARN_UNREACHABLE_CODE = YES;
				CLANG_WARN__DUPLICATE_METHOD_MATCH = YES;
				COPY_PHASE_STRIP = NO;
				DEBUG_INFORMATION_FORMAT = dwarf;
				ENABLE_STRICT_OBJC_MSGSEND = YES;
				ENABLE_TESTABILITY = YES;
				GCC_C_LANGUAGE_STANDARD = gnu11;
				GCC_DYNAMIC_NO_PIC = NO;
				GCC_NO_COMMON_BLOCKS = YES;
				GCC_OPTIMIZATION_LEVEL = 0;
				GCC_PREPROCESSOR_DEFINITIONS = (
					"DEBUG=1",
					"$(inherited)",
				);
				GCC_WARN_64_TO_32_BIT_CONVERSION = YES;
				GCC_WARN_ABOUT_RETURN_TYPE = YES_ERROR;
				GCC_WARN_UNDECLARED_SELECTOR = YES;
				GCC_WARN_UNINITIALIZED_AUTOS = YES_AGGRESSIVE;
				GCC_WARN_UNUSED_FUNCTION = YES;
				GCC_WARN_UNUSED_VARIABLE = YES;
				IPHONEOS_DEPLOYMENT_TARGET = 13.6;
				MTL_ENABLE_DEBUG_INFO = INCLUDE_SOURCE;
				MTL_FAST_MATH = YES;
				ONLY_ACTIVE_ARCH = YES;
				SDKROOT = iphoneos;
				SWIFT_ACTIVE_COMPILATION_CONDITIONS = DEBUG;
				SWIFT_OPTIMIZATION_LEVEL = "-Onone";
			};
			name = Debug;
		};
		57BC6AD325ECD10C00B54665 /* Release */ = {
			isa = XCBuildConfiguration;
			buildSettings = {
				ALWAYS_SEARCH_USER_PATHS = NO;
				CLANG_ANALYZER_NONNULL = YES;
				CLANG_ANALYZER_NUMBER_OBJECT_CONVERSION = YES_AGGRESSIVE;
				CLANG_CXX_LANGUAGE_STANDARD = "gnu++14";
				CLANG_CXX_LIBRARY = "libc++";
				CLANG_ENABLE_MODULES = YES;
				CLANG_ENABLE_OBJC_ARC = YES;
				CLANG_ENABLE_OBJC_WEAK = YES;
				CLANG_WARN_BLOCK_CAPTURE_AUTORELEASING = YES;
				CLANG_WARN_BOOL_CONVERSION = YES;
				CLANG_WARN_COMMA = YES;
				CLANG_WARN_CONSTANT_CONVERSION = YES;
				CLANG_WARN_DEPRECATED_OBJC_IMPLEMENTATIONS = YES;
				CLANG_WARN_DIRECT_OBJC_ISA_USAGE = YES_ERROR;
				CLANG_WARN_DOCUMENTATION_COMMENTS = YES;
				CLANG_WARN_EMPTY_BODY = YES;
				CLANG_WARN_ENUM_CONVERSION = YES;
				CLANG_WARN_INFINITE_RECURSION = YES;
				CLANG_WARN_INT_CONVERSION = YES;
				CLANG_WARN_NON_LITERAL_NULL_CONVERSION = YES;
				CLANG_WARN_OBJC_IMPLICIT_RETAIN_SELF = YES;
				CLANG_WARN_OBJC_LITERAL_CONVERSION = YES;
				CLANG_WARN_OBJC_ROOT_CLASS = YES_ERROR;
				CLANG_WARN_RANGE_LOOP_ANALYSIS = YES;
				CLANG_WARN_STRICT_PROTOTYPES = YES;
				CLANG_WARN_SUSPICIOUS_MOVE = YES;
				CLANG_WARN_UNGUARDED_AVAILABILITY = YES_AGGRESSIVE;
				CLANG_WARN_UNREACHABLE_CODE = YES;
				CLANG_WARN__DUPLICATE_METHOD_MATCH = YES;
				COPY_PHASE_STRIP = NO;
				DEBUG_INFORMATION_FORMAT = "dwarf-with-dsym";
				ENABLE_NS_ASSERTIONS = NO;
				ENABLE_STRICT_OBJC_MSGSEND = YES;
				GCC_C_LANGUAGE_STANDARD = gnu11;
				GCC_NO_COMMON_BLOCKS = YES;
				GCC_WARN_64_TO_32_BIT_CONVERSION = YES;
				GCC_WARN_ABOUT_RETURN_TYPE = YES_ERROR;
				GCC_WARN_UNDECLARED_SELECTOR = YES;
				GCC_WARN_UNINITIALIZED_AUTOS = YES_AGGRESSIVE;
				GCC_WARN_UNUSED_FUNCTION = YES;
				GCC_WARN_UNUSED_VARIABLE = YES;
				IPHONEOS_DEPLOYMENT_TARGET = 13.6;
				MTL_ENABLE_DEBUG_INFO = NO;
				MTL_FAST_MATH = YES;
				SDKROOT = iphoneos;
				SWIFT_COMPILATION_MODE = wholemodule;
				SWIFT_OPTIMIZATION_LEVEL = "-O";
				VALIDATE_PRODUCT = YES;
			};
			name = Release;
		};
		57BC6AD525ECD10C00B54665 /* Debug */ = {
			isa = XCBuildConfiguration;
			baseConfigurationReference = AA46FAAA342191007481A2D8 /* Pods-Bagzz.debug.xcconfig */;
			buildSettings = {
				ASSETCATALOG_COMPILER_APPICON_NAME = AppIcon;
				CODE_SIGN_STYLE = Automatic;
				DEVELOPMENT_TEAM = CDJ4RL6V3L;
				INFOPLIST_FILE = Bagzz/Info.plist;
				LD_RUNPATH_SEARCH_PATHS = (
					"$(inherited)",
					"@executable_path/Frameworks",
				);
				PRODUCT_BUNDLE_IDENTIFIER = ru.tasya.Bagzz;
				PRODUCT_NAME = "$(TARGET_NAME)";
				SWIFT_VERSION = 5.0;
				TARGETED_DEVICE_FAMILY = "1,2";
			};
			name = Debug;
		};
		57BC6AD625ECD10C00B54665 /* Release */ = {
			isa = XCBuildConfiguration;
			baseConfigurationReference = 6EAA907A79EF958872BC8D1B /* Pods-Bagzz.release.xcconfig */;
			buildSettings = {
				ASSETCATALOG_COMPILER_APPICON_NAME = AppIcon;
				CODE_SIGN_STYLE = Automatic;
				DEVELOPMENT_TEAM = CDJ4RL6V3L;
				INFOPLIST_FILE = Bagzz/Info.plist;
				LD_RUNPATH_SEARCH_PATHS = (
					"$(inherited)",
					"@executable_path/Frameworks",
				);
				PRODUCT_BUNDLE_IDENTIFIER = ru.tasya.Bagzz;
				PRODUCT_NAME = "$(TARGET_NAME)";
				SWIFT_VERSION = 5.0;
				TARGETED_DEVICE_FAMILY = "1,2";
			};
			name = Release;
		};
/* End XCBuildConfiguration section */

/* Begin XCConfigurationList section */
		57BC6ABB25ECD10A00B54665 /* Build configuration list for PBXProject "Bagzz" */ = {
			isa = XCConfigurationList;
			buildConfigurations = (
				57BC6AD225ECD10C00B54665 /* Debug */,
				57BC6AD325ECD10C00B54665 /* Release */,
			);
			defaultConfigurationIsVisible = 0;
			defaultConfigurationName = Release;
		};
		57BC6AD425ECD10C00B54665 /* Build configuration list for PBXNativeTarget "Bagzz" */ = {
			isa = XCConfigurationList;
			buildConfigurations = (
				57BC6AD525ECD10C00B54665 /* Debug */,
				57BC6AD625ECD10C00B54665 /* Release */,
			);
			defaultConfigurationIsVisible = 0;
			defaultConfigurationName = Release;
		};
/* End XCConfigurationList section */
	};
	rootObject = 57BC6AB825ECD10A00B54665 /* Project object */;
}
